
Microsoft Visual Studio Solution File, Format Version 11.00
# Visual Studio 2010
# SharpDevelop 5.1
Project("{FAE04EC0-301F-11D3-BF4B-00C04F79EFBC}") = "Civ5 Savegame Editor", "Civ5 Savegame Editor\Civ5 Savegame Editor.csproj", "{EA1FD93A-E8B9-4932-A6BA-50342D6B8BC5}"
EndProject
Global
	GlobalSection(SolutionConfigurationPlatforms) = preSolution
		Debug|Any CPU = Debug|Any CPU
		Release|Any CPU = Release|Any CPU
	EndGlobalSection
	GlobalSection(ProjectConfigurationPlatforms) = postSolution
		{EA1FD93A-E8B9-4932-A6BA-50342D6B8BC5}.Debug|Any CPU.ActiveCfg = Debug|Any CPU
		{EA1FD93A-E8B9-4932-A6BA-50342D6B8BC5}.Debug|Any CPU.Build.0 = Debug|Any CPU
		{EA1FD93A-E8B9-4932-A6BA-50342D6B8BC5}.Release|Any CPU.ActiveCfg = Release|Any CPU
		{EA1FD93A-E8B9-4932-A6BA-50342D6B8BC5}.Release|Any CPU.Build.0 = Release|Any CPU
	EndGlobalSection
EndGlobal
